{
  "name": "language_ruby.git",
  "version": "1.0.0",
  "lockfileVersion": 1,
  "requires": true,
  "dependencies": {
    "@nexssp/os": {
      "version": "1.0.15",
      "resolved": "https://registry.npmjs.org/@nexssp/os/-/os-1.0.15.tgz",
      "integrity": "sha512-SBwA1vUQF7JTy61Biw4XNT+ksh4Z3QEMI1KasIJOHXgkRkNdf1rf0+x6tuia70xPlpJBujTSzfXO1dJfXC0o/A=="
    }
  }
}
